{
  "requires": true,
  "lockfileVersion": 1,
  "dependencies": {
    "material-ui-confirm": {
      "version": "3.0.2",
      "resolved": "https://registry.npmjs.org/material-ui-confirm/-/material-ui-confirm-3.0.2.tgz",
      "integrity": "sha512-DMs9uNF7vmqHr2rZkfrJqla7r+7mjOj2Jroih7Nsxs5rrsRbTLPn6PzhQzMa8pBcPszPGtMAJ+Gf4rt4SFUmIQ=="
    }
  }
}
